
Microsoft Visual Studio Solution File, Format Version 12.00
# Visual Studio Version 16
VisualStudioVersion = 16.0.29009.5
MinimumVisualStudioVersion = 10.0.40219.1
Project("{FAE04EC0-301F-11D3-BF4B-00C04F79EFBC}") = "Vidly", "Vidly.csproj", "{D1DD5AD4-704F-4140-AAC3-2CA90B374825}"
EndProject
Global
	GlobalSection(SolutionConfigurationPlatforms) = preSolution
		Debug|Any CPU = Debug|Any CPU
		Release|Any CPU = Release|Any CPU
	EndGlobalSection
	GlobalSection(ProjectConfigurationPlatforms) = postSolution
		{D1DD5AD4-704F-4140-AAC3-2CA90B374825}.Debug|Any CPU.ActiveCfg = Debug|Any CPU
		{D1DD5AD4-704F-4140-AAC3-2CA90B374825}.Debug|Any CPU.Build.0 = Debug|Any CPU
		{D1DD5AD4-704F-4140-AAC3-2CA90B374825}.Release|Any CPU.ActiveCfg = Release|Any CPU
		{D1DD5AD4-704F-4140-AAC3-2CA90B374825}.Release|Any CPU.Build.0 = Release|Any CPU
	EndGlobalSection
	GlobalSection(SolutionProperties) = preSolution
		HideSolutionNode = FALSE
	EndGlobalSection
	GlobalSection(ExtensibilityGlobals) = postSolution
		SolutionGuid = {940FA2AF-0EAB-4221-9BA4-938D55723A59}
	EndGlobalSection
EndGlobal
